{
  "originHash" : "defacba2a169dc7e66cc91c60ecf32ba1056ff97aa2438d5dfd9c932c8f39efc",
  "pins" : [
    {
      "identity" : "mgperfmonitorapp",
      "kind" : "remoteSourceControl",
      "location" : "https://github.com/LYM-mg/MGPerfMonitorApp.git",
      "state" : {
        "branch" : "main",
        "revision" : "04af9f66192d501e7a890f785a2d2c0d8bc16a5d"
      }
    }
  ],
  "version" : 3
}
