{
  "originHash" : "defacba2a169dc7e66cc91c60ecf32ba1056ff97aa2438d5dfd9c932c8f39efc",
  "pins" : [
    {
      "identity" : "mgperfmonitorapp",
      "kind" : "remoteSourceControl",
      "location" : "https://github.com/LYM-mg/MGPerfMonitorApp.git",
      "state" : {
        "branch" : "main",
        "revision" : "a0c7291141adc69c1e9cd6ad56afa666656b0d67"
      }
    }
  ],
  "version" : 3
}
