{
  "originHash" : "defacba2a169dc7e66cc91c60ecf32ba1056ff97aa2438d5dfd9c932c8f39efc",
  "pins" : [
    {
      "identity" : "mgperfmonitorapp",
      "kind" : "remoteSourceControl",
      "location" : "https://github.com/LYM-mg/MGPerfMonitorApp.git",
      "state" : {
        "branch" : "main",
        "revision" : "6551678d8b7316fe1f3ca1da0737a4f46864d3b9"
      }
    }
  ],
  "version" : 3
}
