// !$*UTF8*$!
{
	archiveVersion = 1;
	classes = {
	};
	objectVersion = 77;
	objects = {

/* Begin PBXBuildFile section */
		857C19002EB8D1D50065ECED /* JXSegmentedView in Frameworks */ = {isa = PBXBuildFile; productRef = 857C18FF2EB8D1D50065ECED /* JXSegmentedView */; };
		857C19562EB8D5000065ECED /* JXPagingView in Frameworks */ = {isa = PBXBuildFile; productRef = 857C19552EB8D5000065ECED /* JXPagingView */; };
		859FD50C2EB4597C004617FB /* RswiftLibrary in Frameworks */ = {isa = PBXBuildFile; productRef = 859FD50B2EB4597C004617FB /* RswiftLibrary */; };
		85CFC2522EB2084E00885484 /* MGPerfMonitor in Frameworks */ = {isa = PBXBuildFile; productRef = 85CFC2512EB2084E00885484 /* MGPerfMonitor */; };
		85CFC2552EB208DC00885484 /* MGPerfMonitor in Frameworks */ = {isa = PBXBuildFile; productRef = 85CFC2542EB208DC00885484 /* MGPerfMonitor */; };
/* End PBXBuildFile section */

/* Begin PBXFileReference section */
		1B22366F28B46B9F0065F715 /* MGPerfMonitor */ = {isa = PBXFileReference; lastKnownFileType = wrapper; name = MGPerfMonitor; path = ..; sourceTree = "<group>"; };
		856D7CED2EA9CA8900DF2934 /* MGPerfMonitorApp.app */ = {isa = PBXFileReference; explicitFileType = wrapper.application; includeInIndex = 0; path = MGPerfMonitorApp.app; sourceTree = BUILT_PRODUCTS_DIR; };
/* End PBXFileReference section */

/* Begin PBXFileSystemSynchronizedBuildFileExceptionSet section */
		856D7CFF2EA9CA8A00DF2934 /* Exceptions for "MGPerfMonitorApp" folder in "MGPerfMonitorApp" target */ = {
			isa = PBXFileSystemSynchronizedBuildFileExceptionSet;
			membershipExceptions = (
				Info.plist,
			);
			target = 856D7CEC2EA9CA8900DF2934 /* MGPerfMonitorApp */;
		};
/* End PBXFileSystemSynchronizedBuildFileExceptionSet section */

/* Begin PBXFileSystemSynchronizedRootGroup section */
		856D7CEF2EA9CA8900DF2934 /* MGPerfMonitorApp */ = {
			isa = PBXFileSystemSynchronizedRootGroup;
			exceptions = (
				856D7CFF2EA9CA8A00DF2934 /* Exceptions for "MGPerfMonitorApp" folder in "MGPerfMonitorApp" target */,
			);
			path = MGPerfMonitorApp;
			sourceTree = "<group>";
		};
/* End PBXFileSystemSynchronizedRootGroup section */

/* Begin PBXFrameworksBuildPhase section */
		856D7CEA2EA9CA8900DF2934 /* Frameworks */ = {
			isa = PBXFrameworksBuildPhase;
			buildActionMask = 2147483647;
			files = (
				857C19002EB8D1D50065ECED /* JXSegmentedView in Frameworks */,
				85CFC2552EB208DC00885484 /* MGPerfMonitor in Frameworks */,
				85CFC2522EB2084E00885484 /* MGPerfMonitor in Frameworks */,
				857C19562EB8D5000065ECED /* JXPagingView in Frameworks */,
				859FD50C2EB4597C004617FB /* RswiftLibrary in Frameworks */,
			);
			runOnlyForDeploymentPostprocessing = 0;
		};
/* End PBXFrameworksBuildPhase section */

/* Begin PBXGroup section */
		1B8B1CD828A21511000A7426 /* Packages */ = {
			isa = PBXGroup;
			children = (
				1B22366F28B46B9F0065F715 /* MGPerfMonitor */,
			);
			name = Packages;
			sourceTree = "<group>";
		};
		856D7CE42EA9CA8900DF2934 = {
			isa = PBXGroup;
			children = (
				1B8B1CD828A21511000A7426 /* Packages */,
				856D7CEF2EA9CA8900DF2934 /* MGPerfMonitorApp */,
				856D7CEE2EA9CA8900DF2934 /* Products */,
			);
			sourceTree = "<group>";
		};
		856D7CEE2EA9CA8900DF2934 /* Products */ = {
			isa = PBXGroup;
			children = (
				856D7CED2EA9CA8900DF2934 /* MGPerfMonitorApp.app */,
			);
			name = Products;
			sourceTree = "<group>";
		};
/* End PBXGroup section */

/* Begin PBXNativeTarget section */
		856D7CEC2EA9CA8900DF2934 /* MGPerfMonitorApp */ = {
			isa = PBXNativeTarget;
			buildConfigurationList = 856D7D002EA9CA8A00DF2934 /* Build configuration list for PBXNativeTarget "MGPerfMonitorApp" */;
			buildPhases = (
				856D7CE92EA9CA8900DF2934 /* Sources */,
				856D7CEA2EA9CA8900DF2934 /* Frameworks */,
				856D7CEB2EA9CA8900DF2934 /* Resources */,
				859FD4E62EB451BE004617FB /* ShellScript */,
			);
			buildRules = (
			);
			dependencies = (
				859FD52A2EB46124004617FB /* PBXTargetDependency */,
			);
			fileSystemSynchronizedGroups = (
				856D7CEF2EA9CA8900DF2934 /* MGPerfMonitorApp */,
			);
			name = MGPerfMonitorApp;
			packageProductDependencies = (
				85CFC2512EB2084E00885484 /* MGPerfMonitor */,
				85CFC2542EB208DC00885484 /* MGPerfMonitor */,
				859FD50B2EB4597C004617FB /* RswiftLibrary */,
				857C18FF2EB8D1D50065ECED /* JXSegmentedView */,
				857C19552EB8D5000065ECED /* JXPagingView */,
			);
			productName = MGPerfMonitorApp;
			productReference = 856D7CED2EA9CA8900DF2934 /* MGPerfMonitorApp.app */;
			productType = "com.apple.product-type.application";
		};
/* End PBXNativeTarget section */

/* Begin PBXProject section */
		856D7CE52EA9CA8900DF2934 /* Project object */ = {
			isa = PBXProject;
			attributes = {
				BuildIndependentTargetsInParallel = 1;
				LastSwiftUpdateCheck = 1640;
				LastUpgradeCheck = 1640;
				TargetAttributes = {
					856D7CEC2EA9CA8900DF2934 = {
						CreatedOnToolsVersion = 16.4;
					};
				};
			};
			buildConfigurationList = 856D7CE82EA9CA8900DF2934 /* Build configuration list for PBXProject "MGPerfMonitorApp" */;
			developmentRegion = en;
			hasScannedForEncodings = 0;
			knownRegions = (
				en,
				Base,
			);
			mainGroup = 856D7CE42EA9CA8900DF2934;
			minimizedProjectReferenceProxies = 1;
			packageReferences = (
				859FD50A2EB4597C004617FB /* XCRemoteSwiftPackageReference "R.swift" */,
				857C18FE2EB8D1D50065ECED /* XCRemoteSwiftPackageReference "JXSegmentedView" */,
				857C19542EB8D5000065ECED /* XCRemoteSwiftPackageReference "JXPagingView" */,
			);
			preferredProjectObjectVersion = 77;
			productRefGroup = 856D7CEE2EA9CA8900DF2934 /* Products */;
			projectDirPath = "";
			projectRoot = "";
			targets = (
				856D7CEC2EA9CA8900DF2934 /* MGPerfMonitorApp */,
			);
		};
/* End PBXProject section */

/* Begin PBXResourcesBuildPhase section */
		856D7CEB2EA9CA8900DF2934 /* Resources */ = {
			isa = PBXResourcesBuildPhase;
			buildActionMask = 2147483647;
			files = (
			);
			runOnlyForDeploymentPostprocessing = 0;
		};
/* End PBXResourcesBuildPhase section */

/* Begin PBXShellScriptBuildPhase section */
		859FD4E62EB451BE004617FB /* ShellScript */ = {
			isa = PBXShellScriptBuildPhase;
			buildActionMask = 2147483647;
			files = (
			);
			inputFileListPaths = (
			);
			inputPaths = (
			);
			outputFileListPaths = (
			);
			outputPaths = (
			);
			runOnlyForDeploymentPostprocessing = 0;
			shellPath = /bin/sh;
			shellScript = "
";
		};
/* End PBXShellScriptBuildPhase section */

/* Begin PBXSourcesBuildPhase section */
		856D7CE92EA9CA8900DF2934 /* Sources */ = {
			isa = PBXSourcesBuildPhase;
			buildActionMask = 2147483647;
			files = (
			);
			runOnlyForDeploymentPostprocessing = 0;
		};
/* End PBXSourcesBuildPhase section */

/* Begin PBXTargetDependency section */
		859FD52A2EB46124004617FB /* PBXTargetDependency */ = {
			isa = PBXTargetDependency;
			productRef = 859FD5292EB46124004617FB /* RswiftGenerateInternalResources */;
		};
/* End PBXTargetDependency section */

/* Begin XCBuildConfiguration section */
		856D7D012EA9CA8A00DF2934 /* Debug */ = {
			isa = XCBuildConfiguration;
			buildSettings = {
				ASSETCATALOG_COMPILER_APPICON_NAME = AppIcon;
				ASSETCATALOG_COMPILER_GLOBAL_ACCENT_COLOR_NAME = AccentColor;
				CODE_SIGN_STYLE = Automatic;
				CURRENT_PROJECT_VERSION = 1;
				GENERATE_INFOPLIST_FILE = YES;
				INFOPLIST_FILE = MGPerfMonitorApp/Info.plist;
				INFOPLIST_KEY_UIApplicationSupportsIndirectInputEvents = YES;
				INFOPLIST_KEY_UILaunchStoryboardName = LaunchScreen;
				INFOPLIST_KEY_UIMainStoryboardFile = Main;
				INFOPLIST_KEY_UISupportedInterfaceOrientations_iPad = "UIInterfaceOrientationPortrait UIInterfaceOrientationPortraitUpsideDown UIInterfaceOrientationLandscapeLeft UIInterfaceOrientationLandscapeRight";
				INFOPLIST_KEY_UISupportedInterfaceOrientations_iPhone = "UIInterfaceOrientationPortrait UIInterfaceOrientationLandscapeLeft UIInterfaceOrientationLandscapeRight";
				IPHONEOS_DEPLOYMENT_TARGET = 15.6;
				LD_RUNPATH_SEARCH_PATHS = (
					"$(inherited)",
					"@executable_path/Frameworks",
				);
				MARKETING_VERSION = 1.0;
				PRODUCT_BUNDLE_IDENTIFIER = com.chiefsecurities.perfmonitor.MGPerfMonitorApp;
				PRODUCT_NAME = "$(TARGET_NAME)";
				SWIFT_EMIT_LOC_STRINGS = YES;
				SWIFT_VERSION = 5.0;
				TARGETED_DEVICE_FAMILY = "1,2";
			};
			name = Debug;
		};
		856D7D022EA9CA8A00DF2934 /* Release */ = {
			isa = XCBuildConfiguration;
			buildSettings = {
				ASSETCATALOG_COMPILER_APPICON_NAME = AppIcon;
				ASSETCATALOG_COMPILER_GLOBAL_ACCENT_COLOR_NAME = AccentColor;
				CODE_SIGN_STYLE = Automatic;
				CURRENT_PROJECT_VERSION = 1;
				GENERATE_INFOPLIST_FILE = YES;
				INFOPLIST_FILE = MGPerfMonitorApp/Info.plist;
				INFOPLIST_KEY_UIApplicationSupportsIndirectInputEvents = YES;
				INFOPLIST_KEY_UILaunchStoryboardName = LaunchScreen;
				INFOPLIST_KEY_UIMainStoryboardFile = Main;
				INFOPLIST_KEY_UISupportedInterfaceOrientations_iPad = "UIInterfaceOrientationPortrait UIInterfaceOrientationPortraitUpsideDown UIInterfaceOrientationLandscapeLeft UIInterfaceOrientationLandscapeRight";
				INFOPLIST_KEY_UISupportedInterfaceOrientations_iPhone = "UIInterfaceOrientationPortrait UIInterfaceOrientationLandscapeLeft UIInterfaceOrientationLandscapeRight";
				IPHONEOS_DEPLOYMENT_TARGET = 15.6;
				LD_RUNPATH_SEARCH_PATHS = (
					"$(inherited)",
					"@executable_path/Frameworks",
				);
				MARKETING_VERSION = 1.0;
				PRODUCT_BUNDLE_IDENTIFIER = com.chiefsecurities.perfmonitor.MGPerfMonitorApp;
				PRODUCT_NAME = "$(TARGET_NAME)";
				SWIFT_EMIT_LOC_STRINGS = YES;
				SWIFT_VERSION = 5.0;
				TARGETED_DEVICE_FAMILY = "1,2";
			};
			name = Release;
		};
		856D7D032EA9CA8A00DF2934 /* Debug */ = {
			isa = XCBuildConfiguration;
			buildSettings = {
				ALWAYS_SEARCH_USER_PATHS = NO;
				ASSETCATALOG_COMPILER_GENERATE_SWIFT_ASSET_SYMBOL_EXTENSIONS = YES;
				CLANG_ANALYZER_NONNULL = YES;
				CLANG_ANALYZER_NUMBER_OBJECT_CONVERSION = YES_AGGRESSIVE;
				CLANG_CXX_LANGUAGE_STANDARD = "gnu++20";
				CLANG_ENABLE_MODULES = YES;
				CLANG_ENABLE_OBJC_ARC = YES;
				CLANG_ENABLE_OBJC_WEAK = YES;
				CLANG_WARN_BLOCK_CAPTURE_AUTORELEASING = YES;
				CLANG_WARN_BOOL_CONVERSION = YES;
				CLANG_WARN_COMMA = YES;
				CLANG_WARN_CONSTANT_CONVERSION = YES;
				CLANG_WARN_DEPRECATED_OBJC_IMPLEMENTATIONS = YES;
				CLANG_WARN_DIRECT_OBJC_ISA_USAGE = YES_ERROR;
				CLANG_WARN_DOCUMENTATION_COMMENTS = YES;
				CLANG_WARN_EMPTY_BODY = YES;
				CLANG_WARN_ENUM_CONVERSION = YES;
				CLANG_WARN_INFINITE_RECURSION = YES;
				CLANG_WARN_INT_CONVERSION = YES;
				CLANG_WARN_NON_LITERAL_NULL_CONVERSION = YES;
				CLANG_WARN_OBJC_IMPLICIT_RETAIN_SELF = YES;
				CLANG_WARN_OBJC_LITERAL_CONVERSION = YES;
				CLANG_WARN_OBJC_ROOT_CLASS = YES_ERROR;
				CLANG_WARN_QUOTED_INCLUDE_IN_FRAMEWORK_HEADER = YES;
				CLANG_WARN_RANGE_LOOP_ANALYSIS = YES;
				CLANG_WARN_STRICT_PROTOTYPES = YES;
				CLANG_WARN_SUSPICIOUS_MOVE = YES;
				CLANG_WARN_UNGUARDED_AVAILABILITY = YES_AGGRESSIVE;
				CLANG_WARN_UNREACHABLE_CODE = YES;
				CLANG_WARN__DUPLICATE_METHOD_MATCH = YES;
				COPY_PHASE_STRIP = NO;
				DEBUG_INFORMATION_FORMAT = dwarf;
				ENABLE_STRICT_OBJC_MSGSEND = YES;
				ENABLE_TESTABILITY = YES;
				ENABLE_USER_SCRIPT_SANDBOXING = YES;
				GCC_C_LANGUAGE_STANDARD = gnu17;
				GCC_DYNAMIC_NO_PIC = NO;
				GCC_NO_COMMON_BLOCKS = YES;
				GCC_OPTIMIZATION_LEVEL = 0;
				GCC_PREPROCESSOR_DEFINITIONS = (
					"DEBUG=1",
					"$(inherited)",
				);
				GCC_WARN_64_TO_32_BIT_CONVERSION = YES;
				GCC_WARN_ABOUT_RETURN_TYPE = YES_ERROR;
				GCC_WARN_UNDECLARED_SELECTOR = YES;
				GCC_WARN_UNINITIALIZED_AUTOS = YES_AGGRESSIVE;
				GCC_WARN_UNUSED_FUNCTION = YES;
				GCC_WARN_UNUSED_VARIABLE = YES;
				IPHONEOS_DEPLOYMENT_TARGET = 15.6;
				LOCALIZATION_PREFERS_STRING_CATALOGS = YES;
				MTL_ENABLE_DEBUG_INFO = INCLUDE_SOURCE;
				MTL_FAST_MATH = YES;
				ONLY_ACTIVE_ARCH = YES;
				SDKROOT = iphoneos;
				SWIFT_ACTIVE_COMPILATION_CONDITIONS = "DEBUG $(inherited)";
				SWIFT_OPTIMIZATION_LEVEL = "-Onone";
			};
			name = Debug;
		};
		856D7D042EA9CA8A00DF2934 /* Release */ = {
			isa = XCBuildConfiguration;
			buildSettings = {
				ALWAYS_SEARCH_USER_PATHS = NO;
				ASSETCATALOG_COMPILER_GENERATE_SWIFT_ASSET_SYMBOL_EXTENSIONS = YES;
				CLANG_ANALYZER_NONNULL = YES;
				CLANG_ANALYZER_NUMBER_OBJECT_CONVERSION = YES_AGGRESSIVE;
				CLANG_CXX_LANGUAGE_STANDARD = "gnu++20";
				CLANG_ENABLE_MODULES = YES;
				CLANG_ENABLE_OBJC_ARC = YES;
				CLANG_ENABLE_OBJC_WEAK = YES;
				CLANG_WARN_BLOCK_CAPTURE_AUTORELEASING = YES;
				CLANG_WARN_BOOL_CONVERSION = YES;
				CLANG_WARN_COMMA = YES;
				CLANG_WARN_CONSTANT_CONVERSION = YES;
				CLANG_WARN_DEPRECATED_OBJC_IMPLEMENTATIONS = YES;
				CLANG_WARN_DIRECT_OBJC_ISA_USAGE = YES_ERROR;
				CLANG_WARN_DOCUMENTATION_COMMENTS = YES;
				CLANG_WARN_EMPTY_BODY = YES;
				CLANG_WARN_ENUM_CONVERSION = YES;
				CLANG_WARN_INFINITE_RECURSION = YES;
				CLANG_WARN_INT_CONVERSION = YES;
				CLANG_WARN_NON_LITERAL_NULL_CONVERSION = YES;
				CLANG_WARN_OBJC_IMPLICIT_RETAIN_SELF = YES;
				CLANG_WARN_OBJC_LITERAL_CONVERSION = YES;
				CLANG_WARN_OBJC_ROOT_CLASS = YES_ERROR;
				CLANG_WARN_QUOTED_INCLUDE_IN_FRAMEWORK_HEADER = YES;
				CLANG_WARN_RANGE_LOOP_ANALYSIS = YES;
				CLANG_WARN_STRICT_PROTOTYPES = YES;
				CLANG_WARN_SUSPICIOUS_MOVE = YES;
				CLANG_WARN_UNGUARDED_AVAILABILITY = YES_AGGRESSIVE;
				CLANG_WARN_UNREACHABLE_CODE = YES;
				CLANG_WARN__DUPLICATE_METHOD_MATCH = YES;
				COPY_PHASE_STRIP = NO;
				DEBUG_INFORMATION_FORMAT = "dwarf-with-dsym";
				ENABLE_NS_ASSERTIONS = NO;
				ENABLE_STRICT_OBJC_MSGSEND = YES;
				ENABLE_USER_SCRIPT_SANDBOXING = YES;
				GCC_C_LANGUAGE_STANDARD = gnu17;
				GCC_NO_COMMON_BLOCKS = YES;
				GCC_WARN_64_TO_32_BIT_CONVERSION = YES;
				GCC_WARN_ABOUT_RETURN_TYPE = YES_ERROR;
				GCC_WARN_UNDECLARED_SELECTOR = YES;
				GCC_WARN_UNINITIALIZED_AUTOS = YES_AGGRESSIVE;
				GCC_WARN_UNUSED_FUNCTION = YES;
				GCC_WARN_UNUSED_VARIABLE = YES;
				IPHONEOS_DEPLOYMENT_TARGET = 15.6;
				LOCALIZATION_PREFERS_STRING_CATALOGS = YES;
				MTL_ENABLE_DEBUG_INFO = NO;
				MTL_FAST_MATH = YES;
				SDKROOT = iphoneos;
				SWIFT_COMPILATION_MODE = wholemodule;
				VALIDATE_PRODUCT = YES;
			};
			name = Release;
		};
/* End XCBuildConfiguration section */

/* Begin XCConfigurationList section */
		856D7CE82EA9CA8900DF2934 /* Build configuration list for PBXProject "MGPerfMonitorApp" */ = {
			isa = XCConfigurationList;
			buildConfigurations = (
				856D7D032EA9CA8A00DF2934 /* Debug */,
				856D7D042EA9CA8A00DF2934 /* Release */,
			);
			defaultConfigurationIsVisible = 0;
			defaultConfigurationName = Release;
		};
		856D7D002EA9CA8A00DF2934 /* Build configuration list for PBXNativeTarget "MGPerfMonitorApp" */ = {
			isa = XCConfigurationList;
			buildConfigurations = (
				856D7D012EA9CA8A00DF2934 /* Debug */,
				856D7D022EA9CA8A00DF2934 /* Release */,
			);
			defaultConfigurationIsVisible = 0;
			defaultConfigurationName = Release;
		};
/* End XCConfigurationList section */

/* Begin XCRemoteSwiftPackageReference section */
		857C18FE2EB8D1D50065ECED /* XCRemoteSwiftPackageReference "JXSegmentedView" */ = {
			isa = XCRemoteSwiftPackageReference;
			repositoryURL = "https://github.com/pujiaxin33/JXSegmentedView";
			requirement = {
				kind = upToNextMajorVersion;
				minimumVersion = 1.4.1;
			};
		};
		857C19542EB8D5000065ECED /* XCRemoteSwiftPackageReference "JXPagingView" */ = {
			isa = XCRemoteSwiftPackageReference;
			repositoryURL = "https://github.com/pujiaxin33/JXPagingView.git";
			requirement = {
				kind = upToNextMajorVersion;
				minimumVersion = 2.1.3;
			};
		};
		859FD50A2EB4597C004617FB /* XCRemoteSwiftPackageReference "R.swift" */ = {
			isa = XCRemoteSwiftPackageReference;
			repositoryURL = "https://github.com/mac-cain13/R.swift.git";
			requirement = {
				kind = upToNextMajorVersion;
				minimumVersion = 7.8.0;
			};
		};
/* End XCRemoteSwiftPackageReference section */

/* Begin XCSwiftPackageProductDependency section */
		857C18FF2EB8D1D50065ECED /* JXSegmentedView */ = {
			isa = XCSwiftPackageProductDependency;
			package = 857C18FE2EB8D1D50065ECED /* XCRemoteSwiftPackageReference "JXSegmentedView" */;
			productName = JXSegmentedView;
		};
		857C19552EB8D5000065ECED /* JXPagingView */ = {
			isa = XCSwiftPackageProductDependency;
			package = 857C19542EB8D5000065ECED /* XCRemoteSwiftPackageReference "JXPagingView" */;
			productName = JXPagingView;
		};
		859FD50B2EB4597C004617FB /* RswiftLibrary */ = {
			isa = XCSwiftPackageProductDependency;
			package = 859FD50A2EB4597C004617FB /* XCRemoteSwiftPackageReference "R.swift" */;
			productName = RswiftLibrary;
		};
		859FD5292EB46124004617FB /* RswiftGenerateInternalResources */ = {
			isa = XCSwiftPackageProductDependency;
			package = 859FD50A2EB4597C004617FB /* XCRemoteSwiftPackageReference "R.swift" */;
			productName = "plugin:RswiftGenerateInternalResources";
		};
		85CFC2512EB2084E00885484 /* MGPerfMonitor */ = {
			isa = XCSwiftPackageProductDependency;
			productName = MGPerfMonitor;
		};
		85CFC2542EB208DC00885484 /* MGPerfMonitor */ = {
			isa = XCSwiftPackageProductDependency;
			productName = MGPerfMonitor;
		};
/* End XCSwiftPackageProductDependency section */
	};
	rootObject = 856D7CE52EA9CA8900DF2934 /* Project object */;
}
